
Microsoft Visual Studio Solution File, Format Version 12.00
# Visual Studio Version 17
VisualStudioVersion = 17.0.32112.339
MinimumVisualStudioVersion = 10.0.40219.1
Project("{9A19103F-16F7-4668-BE54-9A1E7A4F7556}") = "ShelterHelper.Api", "ShelterHelper.Api\ShelterHelper.Api.csproj", "{FED4AAD5-61C1-4879-9A16-6DA22D875A7B}"
EndProject
Project("{9A19103F-16F7-4668-BE54-9A1E7A4F7556}") = "ShelterHelper.Infrastructure", "ShelterHelper.Infrastructure\ShelterHelper.Infrastructure.csproj", "{C99CAFC1-CCEB-4544-BCF8-10B97B4CBB75}"
EndProject
Project("{9A19103F-16F7-4668-BE54-9A1E7A4F7556}") = "ShelterHelper.Core", "ShelterHelper.Core\ShelterHelper.Core.csproj", "{5D4C18DC-B0CA-4481-9942-EB959F88A42A}"
EndProject
Project("{FAE04EC0-301F-11D3-BF4B-00C04F79EFBC}") = "ShelterHelper.EmailService", "ShelterHelper.EmailService\ShelterHelper.EmailService.csproj", "{A0C32A18-9089-46B4-B6B0-835CA2E8725C}"
EndProject
Global
	GlobalSection(SolutionConfigurationPlatforms) = preSolution
		Debug|Any CPU = Debug|Any CPU
		Release|Any CPU = Release|Any CPU
	EndGlobalSection
	GlobalSection(ProjectConfigurationPlatforms) = postSolution
		{FED4AAD5-61C1-4879-9A16-6DA22D875A7B}.Debug|Any CPU.ActiveCfg = Debug|Any CPU
		{FED4AAD5-61C1-4879-9A16-6DA22D875A7B}.Debug|Any CPU.Build.0 = Debug|Any CPU
		{FED4AAD5-61C1-4879-9A16-6DA22D875A7B}.Release|Any CPU.ActiveCfg = Release|Any CPU
		{FED4AAD5-61C1-4879-9A16-6DA22D875A7B}.Release|Any CPU.Build.0 = Release|Any CPU
		{C99CAFC1-CCEB-4544-BCF8-10B97B4CBB75}.Debug|Any CPU.ActiveCfg = Debug|Any CPU
		{C99CAFC1-CCEB-4544-BCF8-10B97B4CBB75}.Debug|Any CPU.Build.0 = Debug|Any CPU
		{C99CAFC1-CCEB-4544-BCF8-10B97B4CBB75}.Release|Any CPU.ActiveCfg = Release|Any CPU
		{C99CAFC1-CCEB-4544-BCF8-10B97B4CBB75}.Release|Any CPU.Build.0 = Release|Any CPU
		{5D4C18DC-B0CA-4481-9942-EB959F88A42A}.Debug|Any CPU.ActiveCfg = Debug|Any CPU
		{5D4C18DC-B0CA-4481-9942-EB959F88A42A}.Debug|Any CPU.Build.0 = Debug|Any CPU
		{5D4C18DC-B0CA-4481-9942-EB959F88A42A}.Release|Any CPU.ActiveCfg = Release|Any CPU
		{5D4C18DC-B0CA-4481-9942-EB959F88A42A}.Release|Any CPU.Build.0 = Release|Any CPU
		{A0C32A18-9089-46B4-B6B0-835CA2E8725C}.Debug|Any CPU.ActiveCfg = Debug|Any CPU
		{A0C32A18-9089-46B4-B6B0-835CA2E8725C}.Debug|Any CPU.Build.0 = Debug|Any CPU
		{A0C32A18-9089-46B4-B6B0-835CA2E8725C}.Release|Any CPU.ActiveCfg = Release|Any CPU
		{A0C32A18-9089-46B4-B6B0-835CA2E8725C}.Release|Any CPU.Build.0 = Release|Any CPU
	EndGlobalSection
	GlobalSection(SolutionProperties) = preSolution
		HideSolutionNode = FALSE
	EndGlobalSection
	GlobalSection(ExtensibilityGlobals) = postSolution
		SolutionGuid = {7EAEE53E-240C-49EF-AA37-3437362F6A6A}
	EndGlobalSection
EndGlobal
